
Microsoft Visual Studio Solution File, Format Version 12.00
# Visual Studio 14
VisualStudioVersion = 14.0.25420.1
MinimumVisualStudioVersion = 10.0.40219.1
Project("{FAE04EC0-301F-11D3-BF4B-00C04F79EFBC}") = "AutoUpdater.Logic", "AutoUpdater.Logic\AutoUpdater.Logic.csproj", "{BDFD7E9C-E074-4A81-9D64-8EC6E084DDD4}"
EndProject
Project("{FAE04EC0-301F-11D3-BF4B-00C04F79EFBC}") = "AutoUpdaterWpfApplication", "AutoUpdaterWpfApplication\AutoUpdaterWpfApplication.csproj", "{F91915A4-4910-4782-812F-6C4630937509}"
EndProject
Global
	GlobalSection(SolutionConfigurationPlatforms) = preSolution
		Debug|Any CPU = Debug|Any CPU
		Release|Any CPU = Release|Any CPU
	EndGlobalSection
	GlobalSection(ProjectConfigurationPlatforms) = postSolution
		{BDFD7E9C-E074-4A81-9D64-8EC6E084DDD4}.Debug|Any CPU.ActiveCfg = Debug|Any CPU
		{BDFD7E9C-E074-4A81-9D64-8EC6E084DDD4}.Debug|Any CPU.Build.0 = Debug|Any CPU
		{BDFD7E9C-E074-4A81-9D64-8EC6E084DDD4}.Release|Any CPU.ActiveCfg = Release|Any CPU
		{BDFD7E9C-E074-4A81-9D64-8EC6E084DDD4}.Release|Any CPU.Build.0 = Release|Any CPU
		{F91915A4-4910-4782-812F-6C4630937509}.Debug|Any CPU.ActiveCfg = Debug|Any CPU
		{F91915A4-4910-4782-812F-6C4630937509}.Debug|Any CPU.Build.0 = Debug|Any CPU
		{F91915A4-4910-4782-812F-6C4630937509}.Release|Any CPU.ActiveCfg = Release|Any CPU
		{F91915A4-4910-4782-812F-6C4630937509}.Release|Any CPU.Build.0 = Release|Any CPU
	EndGlobalSection
	GlobalSection(SolutionProperties) = preSolution
		HideSolutionNode = FALSE
	EndGlobalSection
EndGlobal
